
Microsoft Visual Studio Solution File, Format Version 12.00
# Visual Studio Version 16
VisualStudioVersion = 16.0.31025.218
MinimumVisualStudioVersion = 10.0.40219.1
Project("{FAE04EC0-301F-11D3-BF4B-00C04F79EFBC}") = "Server", "VanillaBlazorWebAssemblyHostedWithAuth\Server\Server.csproj", "{15858328-C3BE-40D3-8D58-F30A4A1AF30F}"
EndProject
Project("{FAE04EC0-301F-11D3-BF4B-00C04F79EFBC}") = "Client", "VanillaBlazorWebAssemblyHostedWithAuth\Client\Client.csproj", "{D10E78A7-96AF-4B0C-B736-4596B09ACE59}"
EndProject
Project("{FAE04EC0-301F-11D3-BF4B-00C04F79EFBC}") = "Shared", "VanillaBlazorWebAssemblyHostedWithAuth\Shared\Shared.csproj", "{26C37526-4DDF-48F2-946F-FD4FB4EC8C3D}"
EndProject
Project("{FAE04EC0-301F-11D3-BF4B-00C04F79EFBC}") = "Common", "Common\Common.csproj", "{4E034877-C38F-4A6C-9BE3-BD020718D447}"
EndProject
Global
	GlobalSection(SolutionConfigurationPlatforms) = preSolution
		Debug|Any CPU = Debug|Any CPU
		Release|Any CPU = Release|Any CPU
	EndGlobalSection
	GlobalSection(ProjectConfigurationPlatforms) = postSolution
		{15858328-C3BE-40D3-8D58-F30A4A1AF30F}.Debug|Any CPU.ActiveCfg = Debug|Any CPU
		{15858328-C3BE-40D3-8D58-F30A4A1AF30F}.Debug|Any CPU.Build.0 = Debug|Any CPU
		{15858328-C3BE-40D3-8D58-F30A4A1AF30F}.Release|Any CPU.ActiveCfg = Release|Any CPU
		{15858328-C3BE-40D3-8D58-F30A4A1AF30F}.Release|Any CPU.Build.0 = Release|Any CPU
		{D10E78A7-96AF-4B0C-B736-4596B09ACE59}.Debug|Any CPU.ActiveCfg = Debug|Any CPU
		{D10E78A7-96AF-4B0C-B736-4596B09ACE59}.Debug|Any CPU.Build.0 = Debug|Any CPU
		{D10E78A7-96AF-4B0C-B736-4596B09ACE59}.Release|Any CPU.ActiveCfg = Release|Any CPU
		{D10E78A7-96AF-4B0C-B736-4596B09ACE59}.Release|Any CPU.Build.0 = Release|Any CPU
		{26C37526-4DDF-48F2-946F-FD4FB4EC8C3D}.Debug|Any CPU.ActiveCfg = Debug|Any CPU
		{26C37526-4DDF-48F2-946F-FD4FB4EC8C3D}.Debug|Any CPU.Build.0 = Debug|Any CPU
		{26C37526-4DDF-48F2-946F-FD4FB4EC8C3D}.Release|Any CPU.ActiveCfg = Release|Any CPU
		{26C37526-4DDF-48F2-946F-FD4FB4EC8C3D}.Release|Any CPU.Build.0 = Release|Any CPU
		{4E034877-C38F-4A6C-9BE3-BD020718D447}.Debug|Any CPU.ActiveCfg = Debug|Any CPU
		{4E034877-C38F-4A6C-9BE3-BD020718D447}.Debug|Any CPU.Build.0 = Debug|Any CPU
		{4E034877-C38F-4A6C-9BE3-BD020718D447}.Release|Any CPU.ActiveCfg = Release|Any CPU
		{4E034877-C38F-4A6C-9BE3-BD020718D447}.Release|Any CPU.Build.0 = Release|Any CPU
	EndGlobalSection
	GlobalSection(SolutionProperties) = preSolution
		HideSolutionNode = FALSE
	EndGlobalSection
	GlobalSection(ExtensibilityGlobals) = postSolution
		SolutionGuid = {3A611E81-E9F8-4B0A-BB36-6AD7F2BB50DF}
	EndGlobalSection
EndGlobal
